
Microsoft Visual Studio Solution File, Format Version 10.00
# Visual C# Express 2008
Project("{FAE04EC0-301F-11D3-BF4B-00C04F79EFBC}") = "GradsToAutoclass", "GradsToAutoclass\GradsToAutoclass.csproj", "{1B0DE6FC-C1E7-4155-A4C7-5EB122F29A73}"
EndProject
Project("{FAE04EC0-301F-11D3-BF4B-00C04F79EFBC}") = "GradsSharp", "..\GradsSharp\GradsSharp\GradsSharp.csproj", "{D64A71DE-18B6-4B15-9586-30930FA20D5A}"
EndProject
Global
	GlobalSection(SolutionConfigurationPlatforms) = preSolution
		Debug|Any CPU = Debug|Any CPU
		Release|Any CPU = Release|Any CPU
	EndGlobalSection
	GlobalSection(ProjectConfigurationPlatforms) = postSolution
		{1B0DE6FC-C1E7-4155-A4C7-5EB122F29A73}.Debug|Any CPU.ActiveCfg = Debug|Any CPU
		{1B0DE6FC-C1E7-4155-A4C7-5EB122F29A73}.Debug|Any CPU.Build.0 = Debug|Any CPU
		{1B0DE6FC-C1E7-4155-A4C7-5EB122F29A73}.Release|Any CPU.ActiveCfg = Release|Any CPU
		{1B0DE6FC-C1E7-4155-A4C7-5EB122F29A73}.Release|Any CPU.Build.0 = Release|Any CPU
		{D64A71DE-18B6-4B15-9586-30930FA20D5A}.Debug|Any CPU.ActiveCfg = Debug|Any CPU
		{D64A71DE-18B6-4B15-9586-30930FA20D5A}.Debug|Any CPU.Build.0 = Debug|Any CPU
		{D64A71DE-18B6-4B15-9586-30930FA20D5A}.Release|Any CPU.ActiveCfg = Release|Any CPU
		{D64A71DE-18B6-4B15-9586-30930FA20D5A}.Release|Any CPU.Build.0 = Release|Any CPU
	EndGlobalSection
	GlobalSection(SolutionProperties) = preSolution
		HideSolutionNode = FALSE
	EndGlobalSection
EndGlobal
